// !$*UTF8*$!
{
	archiveVersion = 1;
	classes = {
	};
	objectVersion = 51;
	objects = {

/* Begin PBXBuildFile section */
		83D53B6D22F4D61F000F915E /* AppDelegate.swift in Sources */ = {isa = PBXBuildFile; fileRef = 83D53B6C22F4D61F000F915E /* AppDelegate.swift */; };
		83D53B7422F4D620000F915E /* Assets.xcassets in Resources */ = {isa = PBXBuildFile; fileRef = 83D53B7322F4D620000F915E /* Assets.xcassets */; };
		83D53B7722F4D620000F915E /* LaunchScreen.storyboard in Resources */ = {isa = PBXBuildFile; fileRef = 83D53B7522F4D620000F915E /* LaunchScreen.storyboard */; };
		83D53B7F22F4D7DE000F915E /* Auth0.plist in Resources */ = {isa = PBXBuildFile; fileRef = 83D53B7E22F4D7DE000F915E /* Auth0.plist */; };
		8D6A5FEFF7EC68E40CF31EFA /* Pods_ExampleDriverApp.framework in Frameworks */ = {isa = PBXBuildFile; fileRef = 7F7A0926EA96F2492EF89F79 /* Pods_ExampleDriverApp.framework */; };
/* End PBXBuildFile section */

/* Begin PBXFileReference section */
		1BEC905B23439A60E1F3C81D /* Pods-ExampleDriverApp.release.xcconfig */ = {isa = PBXFileReference; includeInIndex = 1; lastKnownFileType = text.xcconfig; name = "Pods-ExampleDriverApp.release.xcconfig"; path = "Target Support Files/Pods-ExampleDriverApp/Pods-ExampleDriverApp.release.xcconfig"; sourceTree = "<group>"; };
		7F7A0926EA96F2492EF89F79 /* Pods_ExampleDriverApp.framework */ = {isa = PBXFileReference; explicitFileType = wrapper.framework; includeInIndex = 0; path = Pods_ExampleDriverApp.framework; sourceTree = BUILT_PRODUCTS_DIR; };
		83D53B6922F4D61F000F915E /* ExampleDriverApp.app */ = {isa = PBXFileReference; explicitFileType = wrapper.application; includeInIndex = 0; path = ExampleDriverApp.app; sourceTree = BUILT_PRODUCTS_DIR; };
		83D53B6C22F4D61F000F915E /* AppDelegate.swift */ = {isa = PBXFileReference; lastKnownFileType = sourcecode.swift; path = AppDelegate.swift; sourceTree = "<group>"; };
		83D53B7322F4D620000F915E /* Assets.xcassets */ = {isa = PBXFileReference; lastKnownFileType = folder.assetcatalog; path = Assets.xcassets; sourceTree = "<group>"; };
		83D53B7622F4D620000F915E /* Base */ = {isa = PBXFileReference; lastKnownFileType = file.storyboard; name = Base; path = Base.lproj/LaunchScreen.storyboard; sourceTree = "<group>"; };
		83D53B7822F4D620000F915E /* Info.plist */ = {isa = PBXFileReference; lastKnownFileType = text.plist.xml; path = Info.plist; sourceTree = "<group>"; };
		83D53B7E22F4D7DE000F915E /* Auth0.plist */ = {isa = PBXFileReference; fileEncoding = 4; lastKnownFileType = text.plist.xml; path = Auth0.plist; sourceTree = "<group>"; };
		F479DC1C44FDDDD4A34C8AE9 /* Pods-ExampleDriverApp.debug.xcconfig */ = {isa = PBXFileReference; includeInIndex = 1; lastKnownFileType = text.xcconfig; name = "Pods-ExampleDriverApp.debug.xcconfig"; path = "Target Support Files/Pods-ExampleDriverApp/Pods-ExampleDriverApp.debug.xcconfig"; sourceTree = "<group>"; };
/* End PBXFileReference section */

/* Begin PBXFrameworksBuildPhase section */
		83D53B6622F4D61F000F915E /* Frameworks */ = {
			isa = PBXFrameworksBuildPhase;
			buildActionMask = 2147483647;
			files = (
				8D6A5FEFF7EC68E40CF31EFA /* Pods_ExampleDriverApp.framework in Frameworks */,
			);
			runOnlyForDeploymentPostprocessing = 0;
		};
/* End PBXFrameworksBuildPhase section */

/* Begin PBXGroup section */
		3CD71AFB51C50E940CDD6232 /* Frameworks */ = {
			isa = PBXGroup;
			children = (
				7F7A0926EA96F2492EF89F79 /* Pods_ExampleDriverApp.framework */,
			);
			name = Frameworks;
			sourceTree = "<group>";
		};
		83D53B6022F4D61F000F915E = {
			isa = PBXGroup;
			children = (
				83D53B6B22F4D61F000F915E /* ExampleDriverApp */,
				83D53B6A22F4D61F000F915E /* Products */,
				8FD34D76CBBFD0680746463B /* Pods */,
				3CD71AFB51C50E940CDD6232 /* Frameworks */,
			);
			sourceTree = "<group>";
		};
		83D53B6A22F4D61F000F915E /* Products */ = {
			isa = PBXGroup;
			children = (
				83D53B6922F4D61F000F915E /* ExampleDriverApp.app */,
			);
			name = Products;
			sourceTree = "<group>";
		};
		83D53B6B22F4D61F000F915E /* ExampleDriverApp */ = {
			isa = PBXGroup;
			children = (
				83D53B7E22F4D7DE000F915E /* Auth0.plist */,
				83D53B6C22F4D61F000F915E /* AppDelegate.swift */,
				83D53B7322F4D620000F915E /* Assets.xcassets */,
				83D53B7522F4D620000F915E /* LaunchScreen.storyboard */,
				83D53B7822F4D620000F915E /* Info.plist */,
			);
			path = ExampleDriverApp;
			sourceTree = "<group>";
		};
		8FD34D76CBBFD0680746463B /* Pods */ = {
			isa = PBXGroup;
			children = (
				F479DC1C44FDDDD4A34C8AE9 /* Pods-ExampleDriverApp.debug.xcconfig */,
				1BEC905B23439A60E1F3C81D /* Pods-ExampleDriverApp.release.xcconfig */,
			);
			path = Pods;
			sourceTree = "<group>";
		};
/* End PBXGroup section */

/* Begin PBXNativeTarget section */
		83D53B6822F4D61F000F915E /* ExampleDriverApp */ = {
			isa = PBXNativeTarget;
			buildConfigurationList = 83D53B7B22F4D620000F915E /* Build configuration list for PBXNativeTarget "ExampleDriverApp" */;
			buildPhases = (
				400873202BEA066326259EB5 /* [CP] Check Pods Manifest.lock */,
				83D53B6522F4D61F000F915E /* Sources */,
				83D53B6622F4D61F000F915E /* Frameworks */,
				83D53B6722F4D61F000F915E /* Resources */,
				84E1E8335FF4473DEC9ACD34 /* [CP] Embed Pods Frameworks */,
				243B625E13A0B520F7CF8D77 /* [CP] Copy Pods Resources */,
			);
			buildRules = (
			);
			dependencies = (
			);
			name = ExampleDriverApp;
			productName = ExampleDriverApp;
			productReference = 83D53B6922F4D61F000F915E /* ExampleDriverApp.app */;
			productType = "com.apple.product-type.application";
		};
/* End PBXNativeTarget section */

/* Begin PBXProject section */
		83D53B6122F4D61F000F915E /* Project object */ = {
			isa = PBXProject;
			attributes = {
				LastSwiftUpdateCheck = 1020;
				LastUpgradeCheck = 1020;
				ORGANIZATIONNAME = rideOS;
				TargetAttributes = {
					83D53B6822F4D61F000F915E = {
						CreatedOnToolsVersion = 10.2;
					};
				};
			};
			buildConfigurationList = 83D53B6422F4D61F000F915E /* Build configuration list for PBXProject "ExampleDriverApp" */;
			compatibilityVersion = "Xcode 9.3";
			developmentRegion = en;
			hasScannedForEncodings = 0;
			knownRegions = (
				en,
				Base,
			);
			mainGroup = 83D53B6022F4D61F000F915E;
			productRefGroup = 83D53B6A22F4D61F000F915E /* Products */;
			projectDirPath = "";
			projectRoot = "";
			targets = (
				83D53B6822F4D61F000F915E /* ExampleDriverApp */,
			);
		};
/* End PBXProject section */

/* Begin PBXResourcesBuildPhase section */
		83D53B6722F4D61F000F915E /* Resources */ = {
			isa = PBXResourcesBuildPhase;
			buildActionMask = 2147483647;
			files = (
				83D53B7722F4D620000F915E /* LaunchScreen.storyboard in Resources */,
				83D53B7422F4D620000F915E /* Assets.xcassets in Resources */,
				83D53B7F22F4D7DE000F915E /* Auth0.plist in Resources */,
			);
			runOnlyForDeploymentPostprocessing = 0;
		};
/* End PBXResourcesBuildPhase section */

/* Begin PBXShellScriptBuildPhase section */
		243B625E13A0B520F7CF8D77 /* [CP] Copy Pods Resources */ = {
			isa = PBXShellScriptBuildPhase;
			buildActionMask = 2147483647;
			files = (
			);
			inputFileListPaths = (
				"${PODS_ROOT}/Target Support Files/Pods-ExampleDriverApp/Pods-ExampleDriverApp-resources-${CONFIGURATION}-input-files.xcfilelist",
			);
			name = "[CP] Copy Pods Resources";
			outputFileListPaths = (
				"${PODS_ROOT}/Target Support Files/Pods-ExampleDriverApp/Pods-ExampleDriverApp-resources-${CONFIGURATION}-output-files.xcfilelist",
			);
			runOnlyForDeploymentPostprocessing = 0;
			shellPath = /bin/sh;
			shellScript = "\"${PODS_ROOT}/Target Support Files/Pods-ExampleDriverApp/Pods-ExampleDriverApp-resources.sh\"\n";
			showEnvVarsInLog = 0;
		};
		400873202BEA066326259EB5 /* [CP] Check Pods Manifest.lock */ = {
			isa = PBXShellScriptBuildPhase;
			buildActionMask = 2147483647;
			files = (
			);
			inputFileListPaths = (
			);
			inputPaths = (
				"${PODS_PODFILE_DIR_PATH}/Podfile.lock",
				"${PODS_ROOT}/Manifest.lock",
			);
			name = "[CP] Check Pods Manifest.lock";
			outputFileListPaths = (
			);
			outputPaths = (
				"$(DERIVED_FILE_DIR)/Pods-ExampleDriverApp-checkManifestLockResult.txt",
			);
			runOnlyForDeploymentPostprocessing = 0;
			shellPath = /bin/sh;
			shellScript = "diff \"${PODS_PODFILE_DIR_PATH}/Podfile.lock\" \"${PODS_ROOT}/Manifest.lock\" > /dev/null\nif [ $? != 0 ] ; then\n    # print error to STDERR\n    echo \"error: The sandbox is not in sync with the Podfile.lock. Run 'pod install' or update your CocoaPods installation.\" >&2\n    exit 1\nfi\n# This output is used by Xcode 'outputs' to avoid re-running this script phase.\necho \"SUCCESS\" > \"${SCRIPT_OUTPUT_FILE_0}\"\n";
			showEnvVarsInLog = 0;
		};
		84E1E8335FF4473DEC9ACD34 /* [CP] Embed Pods Frameworks */ = {
			isa = PBXShellScriptBuildPhase;
			buildActionMask = 2147483647;
			files = (
			);
			inputFileListPaths = (
				"${PODS_ROOT}/Target Support Files/Pods-ExampleDriverApp/Pods-ExampleDriverApp-frameworks-${CONFIGURATION}-input-files.xcfilelist",
			);
			name = "[CP] Embed Pods Frameworks";
			outputFileListPaths = (
				"${PODS_ROOT}/Target Support Files/Pods-ExampleDriverApp/Pods-ExampleDriverApp-frameworks-${CONFIGURATION}-output-files.xcfilelist",
			);
			runOnlyForDeploymentPostprocessing = 0;
			shellPath = /bin/sh;
			shellScript = "\"${PODS_ROOT}/Target Support Files/Pods-ExampleDriverApp/Pods-ExampleDriverApp-frameworks.sh\"\n";
			showEnvVarsInLog = 0;
		};
/* End PBXShellScriptBuildPhase section */

/* Begin PBXSourcesBuildPhase section */
		83D53B6522F4D61F000F915E /* Sources */ = {
			isa = PBXSourcesBuildPhase;
			buildActionMask = 2147483647;
			files = (
				83D53B6D22F4D61F000F915E /* AppDelegate.swift in Sources */,
			);
			runOnlyForDeploymentPostprocessing = 0;
		};
/* End PBXSourcesBuildPhase section */

/* Begin PBXVariantGroup section */
		83D53B7522F4D620000F915E /* LaunchScreen.storyboard */ = {
			isa = PBXVariantGroup;
			children = (
				83D53B7622F4D620000F915E /* Base */,
			);
			name = LaunchScreen.storyboard;
			sourceTree = "<group>";
		};
/* End PBXVariantGroup section */

/* Begin XCBuildConfiguration section */
		83D53B7922F4D620000F915E /* Debug */ = {
			isa = XCBuildConfiguration;
			buildSettings = {
				ALWAYS_SEARCH_USER_PATHS = NO;
				CLANG_ANALYZER_NONNULL = YES;
				CLANG_ANALYZER_NUMBER_OBJECT_CONVERSION = YES_AGGRESSIVE;
				CLANG_CXX_LANGUAGE_STANDARD = "gnu++14";
				CLANG_CXX_LIBRARY = "libc++";
				CLANG_ENABLE_MODULES = YES;
				CLANG_ENABLE_OBJC_ARC = YES;
				CLANG_ENABLE_OBJC_WEAK = YES;
				CLANG_WARN_BLOCK_CAPTURE_AUTORELEASING = YES;
				CLANG_WARN_BOOL_CONVERSION = YES;
				CLANG_WARN_COMMA = YES;
				CLANG_WARN_CONSTANT_CONVERSION = YES;
				CLANG_WARN_DEPRECATED_OBJC_IMPLEMENTATIONS = YES;
				CLANG_WARN_DIRECT_OBJC_ISA_USAGE = YES_ERROR;
				CLANG_WARN_DOCUMENTATION_COMMENTS = YES;
				CLANG_WARN_EMPTY_BODY = YES;
				CLANG_WARN_ENUM_CONVERSION = YES;
				CLANG_WARN_INFINITE_RECURSION = YES;
				CLANG_WARN_INT_CONVERSION = YES;
				CLANG_WARN_NON_LITERAL_NULL_CONVERSION = YES;
				CLANG_WARN_OBJC_IMPLICIT_RETAIN_SELF = YES;
				CLANG_WARN_OBJC_LITERAL_CONVERSION = YES;
				CLANG_WARN_OBJC_ROOT_CLASS = YES_ERROR;
				CLANG_WARN_RANGE_LOOP_ANALYSIS = YES;
				CLANG_WARN_STRICT_PROTOTYPES = YES;
				CLANG_WARN_SUSPICIOUS_MOVE = YES;
				CLANG_WARN_UNGUARDED_AVAILABILITY = YES_AGGRESSIVE;
				CLANG_WARN_UNREACHABLE_CODE = YES;
				CLANG_WARN__DUPLICATE_METHOD_MATCH = YES;
				CODE_SIGN_IDENTITY = "iPhone Developer";
				COPY_PHASE_STRIP = NO;
				DEBUG_INFORMATION_FORMAT = dwarf;
				ENABLE_STRICT_OBJC_MSGSEND = YES;
				ENABLE_TESTABILITY = YES;
				GCC_C_LANGUAGE_STANDARD = gnu11;
				GCC_DYNAMIC_NO_PIC = NO;
				GCC_NO_COMMON_BLOCKS = YES;
				GCC_OPTIMIZATION_LEVEL = 0;
				GCC_PREPROCESSOR_DEFINITIONS = (
					"DEBUG=1",
					"$(inherited)",
				);
				GCC_WARN_64_TO_32_BIT_CONVERSION = YES;
				GCC_WARN_ABOUT_RETURN_TYPE = YES_ERROR;
				GCC_WARN_UNDECLARED_SELECTOR = YES;
				GCC_WARN_UNINITIALIZED_AUTOS = YES_AGGRESSIVE;
				GCC_WARN_UNUSED_FUNCTION = YES;
				GCC_WARN_UNUSED_VARIABLE = YES;
				IPHONEOS_DEPLOYMENT_TARGET = 12.2;
				MTL_ENABLE_DEBUG_INFO = INCLUDE_SOURCE;
				MTL_FAST_MATH = YES;
				ONLY_ACTIVE_ARCH = YES;
				SDKROOT = iphoneos;
				SWIFT_ACTIVE_COMPILATION_CONDITIONS = DEBUG;
				SWIFT_OPTIMIZATION_LEVEL = "-Onone";
			};
			name = Debug;
		};
		83D53B7A22F4D620000F915E /* Release */ = {
			isa = XCBuildConfiguration;
			buildSettings = {
				ALWAYS_SEARCH_USER_PATHS = NO;
				CLANG_ANALYZER_NONNULL = YES;
				CLANG_ANALYZER_NUMBER_OBJECT_CONVERSION = YES_AGGRESSIVE;
				CLANG_CXX_LANGUAGE_STANDARD = "gnu++14";
				CLANG_CXX_LIBRARY = "libc++";
				CLANG_ENABLE_MODULES = YES;
				CLANG_ENABLE_OBJC_ARC = YES;
				CLANG_ENABLE_OBJC_WEAK = YES;
				CLANG_WARN_BLOCK_CAPTURE_AUTORELEASING = YES;
				CLANG_WARN_BOOL_CONVERSION = YES;
				CLANG_WARN_COMMA = YES;
				CLANG_WARN_CONSTANT_CONVERSION = YES;
				CLANG_WARN_DEPRECATED_OBJC_IMPLEMENTATIONS = YES;
				CLANG_WARN_DIRECT_OBJC_ISA_USAGE = YES_ERROR;
				CLANG_WARN_DOCUMENTATION_COMMENTS = YES;
				CLANG_WARN_EMPTY_BODY = YES;
				CLANG_WARN_ENUM_CONVERSION = YES;
				CLANG_WARN_INFINITE_RECURSION = YES;
				CLANG_WARN_INT_CONVERSION = YES;
				CLANG_WARN_NON_LITERAL_NULL_CONVERSION = YES;
				CLANG_WARN_OBJC_IMPLICIT_RETAIN_SELF = YES;
				CLANG_WARN_OBJC_LITERAL_CONVERSION = YES;
				CLANG_WARN_OBJC_ROOT_CLASS = YES_ERROR;
				CLANG_WARN_RANGE_LOOP_ANALYSIS = YES;
				CLANG_WARN_STRICT_PROTOTYPES = YES;
				CLANG_WARN_SUSPICIOUS_MOVE = YES;
				CLANG_WARN_UNGUARDED_AVAILABILITY = YES_AGGRESSIVE;
				CLANG_WARN_UNREACHABLE_CODE = YES;
				CLANG_WARN__DUPLICATE_METHOD_MATCH = YES;
				CODE_SIGN_IDENTITY = "iPhone Developer";
				COPY_PHASE_STRIP = NO;
				DEBUG_INFORMATION_FORMAT = "dwarf-with-dsym";
				ENABLE_NS_ASSERTIONS = NO;
				ENABLE_STRICT_OBJC_MSGSEND = YES;
				GCC_C_LANGUAGE_STANDARD = gnu11;
				GCC_NO_COMMON_BLOCKS = YES;
				GCC_WARN_64_TO_32_BIT_CONVERSION = YES;
				GCC_WARN_ABOUT_RETURN_TYPE = YES_ERROR;
				GCC_WARN_UNDECLARED_SELECTOR = YES;
				GCC_WARN_UNINITIALIZED_AUTOS = YES_AGGRESSIVE;
				GCC_WARN_UNUSED_FUNCTION = YES;
				GCC_WARN_UNUSED_VARIABLE = YES;
				IPHONEOS_DEPLOYMENT_TARGET = 12.2;
				MTL_ENABLE_DEBUG_INFO = NO;
				MTL_FAST_MATH = YES;
				SDKROOT = iphoneos;
				SWIFT_COMPILATION_MODE = wholemodule;
				SWIFT_OPTIMIZATION_LEVEL = "-O";
				VALIDATE_PRODUCT = YES;
			};
			name = Release;
		};
		83D53B7C22F4D620000F915E /* Debug */ = {
			isa = XCBuildConfiguration;
			baseConfigurationReference = F479DC1C44FDDDD4A34C8AE9 /* Pods-ExampleDriverApp.debug.xcconfig */;
			buildSettings = {
				ASSETCATALOG_COMPILER_APPICON_NAME = AppIcon;
				CODE_SIGN_STYLE = Automatic;
				DEVELOPMENT_TEAM = A8HQ962S4M;
				INFOPLIST_FILE = ExampleDriverApp/Info.plist;
				LD_RUNPATH_SEARCH_PATHS = (
					"$(inherited)",
					"@executable_path/Frameworks",
				);
				PRODUCT_BUNDLE_IDENTIFIER = ai.rideos.ExampleDriverApp;
				PRODUCT_NAME = "$(TARGET_NAME)";
				SWIFT_VERSION = 5.0;
				TARGETED_DEVICE_FAMILY = "1,2";
			};
			name = Debug;
		};
		83D53B7D22F4D620000F915E /* Release */ = {
			isa = XCBuildConfiguration;
			baseConfigurationReference = 1BEC905B23439A60E1F3C81D /* Pods-ExampleDriverApp.release.xcconfig */;
			buildSettings = {
				ASSETCATALOG_COMPILER_APPICON_NAME = AppIcon;
				CODE_SIGN_STYLE = Automatic;
				DEVELOPMENT_TEAM = A8HQ962S4M;
				INFOPLIST_FILE = ExampleDriverApp/Info.plist;
				LD_RUNPATH_SEARCH_PATHS = (
					"$(inherited)",
					"@executable_path/Frameworks",
				);
				PRODUCT_BUNDLE_IDENTIFIER = ai.rideos.ExampleDriverApp;
				PRODUCT_NAME = "$(TARGET_NAME)";
				SWIFT_VERSION = 5.0;
				TARGETED_DEVICE_FAMILY = "1,2";
			};
			name = Release;
		};
/* End XCBuildConfiguration section */

/* Begin XCConfigurationList section */
		83D53B6422F4D61F000F915E /* Build configuration list for PBXProject "ExampleDriverApp" */ = {
			isa = XCConfigurationList;
			buildConfigurations = (
				83D53B7922F4D620000F915E /* Debug */,
				83D53B7A22F4D620000F915E /* Release */,
			);
			defaultConfigurationIsVisible = 0;
			defaultConfigurationName = Release;
		};
		83D53B7B22F4D620000F915E /* Build configuration list for PBXNativeTarget "ExampleDriverApp" */ = {
			isa = XCConfigurationList;
			buildConfigurations = (
				83D53B7C22F4D620000F915E /* Debug */,
				83D53B7D22F4D620000F915E /* Release */,
			);
			defaultConfigurationIsVisible = 0;
			defaultConfigurationName = Release;
		};
/* End XCConfigurationList section */
	};
	rootObject = 83D53B6122F4D61F000F915E /* Project object */;
}
