PODS:
  - "!ProtoCompiler (3.5.0)":
    - Protobuf (~> 3.0)
  - "!ProtoCompiler-gRPCPlugin (1.13.0)":
    - "!ProtoCompiler (= 3.5.0)"
    - gRPC-ProtoRPC (= 1.13.0)
  - Auth0 (1.16.1):
    - SimpleKeychain
  - BoringSSL (10.0.6):
    - BoringSSL/Implementation (= 10.0.6)
    - BoringSSL/Interface (= 10.0.6)
  - BoringSSL/Implementation (10.0.6):
    - BoringSSL/Interface (= 10.0.6)
  - BoringSSL/Interface (10.0.6)
  - Eureka (5.0.0)
  - GoogleMaps (3.3.0):
    - GoogleMaps/Maps (= 3.3.0)
  - GoogleMaps/Base (3.3.0)
  - GoogleMaps/Maps (3.3.0):
    - GoogleMaps/Base
  - GooglePlaces (3.3.0):
    - GoogleMaps/Base (= 3.3.0)
  - gRPC (1.13.0):
    - gRPC-RxLibrary (= 1.13.0)
    - gRPC/Main (= 1.13.0)
  - gRPC-Core (1.13.0):
    - gRPC-Core/Implementation (= 1.13.0)
    - gRPC-Core/Interface (= 1.13.0)
  - gRPC-Core/Implementation (1.13.0):
    - BoringSSL (~> 10.0)
    - gRPC-Core/Interface (= 1.13.0)
    - nanopb (~> 0.3)
  - gRPC-Core/Interface (1.13.0)
  - gRPC-ProtoRPC (1.13.0):
    - gRPC-ProtoRPC/Main (= 1.13.0)
  - gRPC-ProtoRPC/Main (1.13.0):
    - gRPC (= 1.13.0)
    - gRPC-RxLibrary (= 1.13.0)
    - Protobuf (~> 3.0)
  - gRPC-RxLibrary (1.13.0)
  - gRPC/Main (1.13.0):
    - gRPC-Core (= 1.13.0)
    - gRPC-RxLibrary (= 1.13.0)
  - JWTDecode (2.3.0)
  - Lock (2.11.0):
    - Auth0 (~> 1.13)
    - Lock/Classic (= 2.11.0)
  - Lock/Classic (2.11.0):
    - Auth0 (~> 1.13)
  - MarqueeLabel (4.0.0)
  - nanopb (0.3.901):
    - nanopb/decode (= 0.3.901)
    - nanopb/encode (= 0.3.901)
  - nanopb/decode (0.3.901)
  - nanopb/encode (0.3.901)
  - NicoProgress (0.1.5)
  - NotificationBannerSwift (2.5.1):
    - MarqueeLabel (~> 4.0.0)
    - SnapKit (~> 5.0.0)
  - Polyline (4.2.1)
  - Protobuf (3.9.0)
  - ReachabilitySwift (4.3.1)
  - RideOsApi (0.1.0):
    - "!ProtoCompiler-gRPCPlugin (~> 1.13.0)"
    - RideOsApi/Messages (= 0.1.0)
    - RideOsApi/Services (= 0.1.0)
  - RideOsApi/Messages (0.1.0):
    - "!ProtoCompiler-gRPCPlugin (~> 1.13.0)"
    - Protobuf
  - RideOsApi/Services (0.1.0):
    - "!ProtoCompiler-gRPCPlugin (~> 1.13.0)"
    - gRPC-ProtoRPC
    - RideOsApi/Messages
  - RideOsCommon (0.1.0):
    - Auth0 (~> 1.15)
    - Eureka (~> 5.0)
    - JWTDecode (~> 2.1)
    - Lock (~> 2.10)
    - NicoProgress (~> 0.1)
    - NotificationBannerSwift (~> 2.1)
    - Polyline (~> 4.2)
    - RideOsApi (~> 0.1)
    - RxCocoa (~> 4.4)
    - RxReachability (~> 0.1)
    - RxSwift (~> 4.4)
    - RxSwiftExt (~> 3.4)
    - SwiftSimplify (~> 0.2)
  - RideOsGoogleMaps (0.1.0):
    - GoogleMaps (~> 3.2)
    - GooglePlaces (~> 3.2)
    - RideOsCommon (~> 0.1)
    - RxSwift (~> 4.4)
  - RideOsRider (0.1.0):
    - RideOsApi (~> 0.1)
    - RideOsCommon (~> 0.1)
    - RxCocoa (~> 4.4)
    - RxOptional (~> 3.6)
    - RxSwift (~> 4.4)
    - RxSwiftExt (~> 3.4)
    - SideMenu (~> 5.0)
  - RxCocoa (4.5.0):
    - RxSwift (>= 4.4.2, ~> 4.4)
  - RxOptional (3.6.2):
    - RxCocoa (~> 4.0)
    - RxSwift (~> 4.0)
  - RxReachability (0.1.8):
    - ReachabilitySwift (~> 4.3.0)
    - RxCocoa (~> 4)
    - RxSwift (~> 4)
  - RxSwift (4.5.0)
  - RxSwiftExt (3.4.0):
    - RxSwiftExt/Core (= 3.4.0)
    - RxSwiftExt/RxCocoa (= 3.4.0)
  - RxSwiftExt/Core (3.4.0):
    - RxSwift (~> 4.0)
  - RxSwiftExt/RxCocoa (3.4.0):
    - RxCocoa (~> 4.0)
    - RxSwiftExt/Core
  - SideMenu (5.0.3)
  - SimpleKeychain (0.9.0)
  - SnapKit (5.0.1)
  - SwiftSimplify (0.2.0)

DEPENDENCIES:
  - RideOsApi (~> 0.1)
  - RideOsCommon (~> 0.1)
  - RideOsGoogleMaps (~> 0.1)
  - RideOsRider (~> 0.1)

SPEC REPOS:
  https://github.com/cocoapods/specs.git:
    - "!ProtoCompiler"
    - "!ProtoCompiler-gRPCPlugin"
    - Auth0
    - BoringSSL
    - Eureka
    - GoogleMaps
    - GooglePlaces
    - gRPC
    - gRPC-Core
    - gRPC-ProtoRPC
    - gRPC-RxLibrary
    - JWTDecode
    - Lock
    - MarqueeLabel
    - nanopb
    - NicoProgress
    - NotificationBannerSwift
    - Polyline
    - Protobuf
    - ReachabilitySwift
    - RideOsApi
    - RideOsCommon
    - RideOsGoogleMaps
    - RideOsRider
    - RxCocoa
    - RxOptional
    - RxReachability
    - RxSwift
    - RxSwiftExt
    - SideMenu
    - SimpleKeychain
    - SnapKit
    - SwiftSimplify

SPEC CHECKSUMS:
  "!ProtoCompiler": 3e9dc8340c8f1bbab40aa0f5acb965a4be02f849
  "!ProtoCompiler-gRPCPlugin": ecc935069530285c08fc5d2df3ab73e466352f4a
  Auth0: dd9125f16147639d8e8c58d338402fb085b4e125
  BoringSSL: e10f92a27043805c01071fe815a5cd98ae8212e7
  Eureka: 0f64f477ec8ef6201c6fec143d60ff5c201cf654
  GoogleMaps: cfee83da305b9aaeccf92c24ac79df11c3003492
  GooglePlaces: 1e2a87bd9efee9623ee65d44ecc35ebfecd7b13c
  gRPC: 81b990caa01d7c32605d300c2ffd1b5ba0ef9e49
  gRPC-Core: a56b086a8ef5ced6f6ba5be5bc0a63fca185015a
  gRPC-ProtoRPC: 842797fbe05dfcf891afb4a5048e5ccf5f06ef86
  gRPC-RxLibrary: fa6852f98d6ec0b73c0ec2f6406c26943099d501
  JWTDecode: fb77675c8049c1a7e9433c7cf448c3ce33ee4ac7
  Lock: 2d71eed697ac41a3c79d95f57f7a1ec2294c83a7
  MarqueeLabel: b55b26e690b6ad41faedd95cbf5eae6f1d1735b4
  nanopb: 2901f78ea1b7b4015c860c2fdd1ea2fee1a18d48
  NicoProgress: ba7bc224583e5a4c637a3397d256187fe72e139f
  NotificationBannerSwift: e55dd801b0d78f1a7bacb10d722a935ec95f94a3
  Polyline: 0e9890790292741c8186201a536b6bb6a78d02dd
  Protobuf: 1097ca58584c8d9be81bfbf2c5ff5975648dd87a
  ReachabilitySwift: 4032e2f59586e11e3b0ebe15b167abdd587a388b
  RideOsApi: dd1cb844305f225557e55b28913fc6d416047fc2
  RideOsCommon: 46b6283a117e677f95be4e19bed8c1c1f30751e3
  RideOsGoogleMaps: d38316564e069ca979d849d3d0fa66327993e277
  RideOsRider: b5a622e89c18b7e422d49fc68cde4976fa746210
  RxCocoa: cbf70265dc65a981d4ac982e513c10cf23df24a0
  RxOptional: 80426a0ddbd092573e4c482d8cc13302078c4d5e
  RxReachability: 053f2d913db44998242ade488ccaef558f3ce7cb
  RxSwift: f172070dfd1a93d70a9ab97a5a01166206e1c575
  RxSwiftExt: 01f8ecbeeb355698e9c75365ebe908b00dacf45d
  SideMenu: 1dcaabce84538c53325c287f7fe62999379a641c
  SimpleKeychain: 3be49072fd2d82de8fa83d847ef1e548622f8fc5
  SnapKit: 97b92857e3df3a0c71833cce143274bf6ef8e5eb
  SwiftSimplify: 374ead1c360c6e236539543d6ce5b3abda011080

PODFILE CHECKSUM: 34188213efc2e467528d70342d1ea68cdf5959d0

COCOAPODS: 1.7.5
